
Microsoft Visual Studio Solution File, Format Version 12.00
# Visual Studio Version 16
VisualStudioVersion = 16.0.32106.194
MinimumVisualStudioVersion = 10.0.40219.1
Project("{FAE04EC0-301F-11D3-BF4B-00C04F79EFBC}") = "KanbanBoard", "KanbanBoard.csproj", "{D256DCBD-09B6-4997-8214-62E75EB21178}"
EndProject
Global
	GlobalSection(SolutionConfigurationPlatforms) = preSolution
		Debug|Any CPU = Debug|Any CPU
		Release|Any CPU = Release|Any CPU
	EndGlobalSection
	GlobalSection(ProjectConfigurationPlatforms) = postSolution
		{D256DCBD-09B6-4997-8214-62E75EB21178}.Debug|Any CPU.ActiveCfg = Debug|Any CPU
		{D256DCBD-09B6-4997-8214-62E75EB21178}.Debug|Any CPU.Build.0 = Debug|Any CPU
		{D256DCBD-09B6-4997-8214-62E75EB21178}.Release|Any CPU.ActiveCfg = Release|Any CPU
		{D256DCBD-09B6-4997-8214-62E75EB21178}.Release|Any CPU.Build.0 = Release|Any CPU
	EndGlobalSection
	GlobalSection(SolutionProperties) = preSolution
		HideSolutionNode = FALSE
	EndGlobalSection
	GlobalSection(ExtensibilityGlobals) = postSolution
		SolutionGuid = {3D2DFA10-22AD-49C7-BCB1-4C615593096B}
	EndGlobalSection
EndGlobal
